
Microsoft Visual Studio Solution File, Format Version 12.00
# Visual Studio Version 18
VisualStudioVersion = 18.5.11801.241 oobstable
MinimumVisualStudioVersion = 10.0.40219.1
Project("{FAE04EC0-301F-11D3-BF4B-00C04F79EFBC}") = "Sablou Web", "Sablou Web\Sablou Web.csproj", "{3E14BBF1-C1BA-48A6-A2A8-BE095F4B0CD3}"
EndProject
Global
	GlobalSection(SolutionConfigurationPlatforms) = preSolution
		Debug|Any CPU = Debug|Any CPU
		Release|Any CPU = Release|Any CPU
	EndGlobalSection
	GlobalSection(ProjectConfigurationPlatforms) = postSolution
		{3E14BBF1-C1BA-48A6-A2A8-BE095F4B0CD3}.Debug|Any CPU.ActiveCfg = Debug|Any CPU
		{3E14BBF1-C1BA-48A6-A2A8-BE095F4B0CD3}.Debug|Any CPU.Build.0 = Debug|Any CPU
		{3E14BBF1-C1BA-48A6-A2A8-BE095F4B0CD3}.Release|Any CPU.ActiveCfg = Release|Any CPU
		{3E14BBF1-C1BA-48A6-A2A8-BE095F4B0CD3}.Release|Any CPU.Build.0 = Release|Any CPU
	EndGlobalSection
	GlobalSection(SolutionProperties) = preSolution
		HideSolutionNode = FALSE
	EndGlobalSection
	GlobalSection(ExtensibilityGlobals) = postSolution
		SolutionGuid = {BB87D9CF-C0C8-4FBE-AE19-7613B7D9C002}
	EndGlobalSection
EndGlobal
